schema: '2.0'
stages:
  prepare:
    cmd: python ./src/prepare_data.py --data-dir ./data/
    deps:
    - path: ./data/
      hash: md5
      md5: 93f02e59de55398db1510b178a7c83a9.dir
      size: 176086096
      nfiles: 201
    - path: ./src/prepare_data.py
      hash: md5
      md5: 88f794ad913e9a6374ab8ce7ba902827
      size: 8636
    outs:
    - path: ./outputs/data_stats.json
      hash: md5
      md5: d7167b19d9794f516f53d4537f571538
      size: 1028
